
Microsoft Visual Studio Solution File, Format Version 12.00
# Visual Studio Version 16
VisualStudioVersion = 16.0.30523.141
MinimumVisualStudioVersion = 10.0.40219.1
Project("{00D1A9C2-B5F0-4AF3-8072-F6C62B433612}") = "BD_PLE", "BD_PLE\BD_PLE.sqlproj", "{A9BCAE7E-F1B7-479E-8553-4C41E9BB6B54}"
EndProject
Global
	GlobalSection(SolutionConfigurationPlatforms) = preSolution
		Debug|Any CPU = Debug|Any CPU
		Release|Any CPU = Release|Any CPU
	EndGlobalSection
	GlobalSection(ProjectConfigurationPlatforms) = postSolution
		{A9BCAE7E-F1B7-479E-8553-4C41E9BB6B54}.Debug|Any CPU.ActiveCfg = Debug|Any CPU
		{A9BCAE7E-F1B7-479E-8553-4C41E9BB6B54}.Debug|Any CPU.Build.0 = Debug|Any CPU
		{A9BCAE7E-F1B7-479E-8553-4C41E9BB6B54}.Debug|Any CPU.Deploy.0 = Debug|Any CPU
		{A9BCAE7E-F1B7-479E-8553-4C41E9BB6B54}.Release|Any CPU.ActiveCfg = Release|Any CPU
		{A9BCAE7E-F1B7-479E-8553-4C41E9BB6B54}.Release|Any CPU.Build.0 = Release|Any CPU
		{A9BCAE7E-F1B7-479E-8553-4C41E9BB6B54}.Release|Any CPU.Deploy.0 = Release|Any CPU
	EndGlobalSection
	GlobalSection(SolutionProperties) = preSolution
		HideSolutionNode = FALSE
	EndGlobalSection
	GlobalSection(ExtensibilityGlobals) = postSolution
		SolutionGuid = {EF8B25B7-6020-4DC3-9D1E-CAB331B83E61}
	EndGlobalSection
EndGlobal
